Microsoft Visual Studio Solution File, Format Version 12.00
# Visual Studio Version 16
VisualStudioVersion = 16.0.29911.84
MinimumVisualStudioVersion = 10.0.40219.1
Project("{FAE04EC0-301F-11D3-BF4B-00C04F79EFBC}") = "wholewellness", "wholewellness\wholewellness.csproj", "{53C7F849-2549-4560-83E8-56B217CBF6B3}"
EndProject
Project("{FAE04EC0-301F-11D3-BF4B-00C04F79EFBC}") = "wholewellness.Tests", "wholewellness.Tests\wholewellness.Tests.csproj", "{249E254E-F088-454E-BE94-F638B766E3CF}"
EndProject
Global
	GlobalSection(SolutionConfigurationPlatforms) = preSolution
		Debug|Any CPU = Debug|Any CPU
		Release|Any CPU = Release|Any CPU
	EndGlobalSection
	GlobalSection(ProjectConfigurationPlatforms) = postSolution
		{53C7F849-2549-4560-83E8-56B217CBF6B3}.Debug|Any CPU.ActiveCfg = Debug|Any CPU
		{53C7F849-2549-4560-83E8-56B217CBF6B3}.Debug|Any CPU.Build.0 = Debug|Any CPU
		{53C7F849-2549-4560-83E8-56B217CBF6B3}.Release|Any CPU.ActiveCfg = Release|Any CPU
		{53C7F849-2549-4560-83E8-56B217CBF6B3}.Release|Any CPU.Build.0 = Release|Any CPU
		{249E254E-F088-454E-BE94-F638B766E3CF}.Debug|Any CPU.ActiveCfg = Debug|Any CPU
		{249E254E-F088-454E-BE94-F638B766E3CF}.Debug|Any CPU.Build.0 = Debug|Any CPU
		{249E254E-F088-454E-BE94-F638B766E3CF}.Release|Any CPU.ActiveCfg = Release|Any CPU
		{249E254E-F088-454E-BE94-F638B766E3CF}.Release|Any CPU.Build.0 = Release|Any CPU
	EndGlobalSection
	GlobalSection(SolutionProperties) = preSolution
		HideSolutionNode = FALSE
	EndGlobalSection
	GlobalSection(ExtensibilityGlobals) = postSolution
		SolutionGuid = {1FB0B2AB-153A-4B6C-9747-56546998BB9E}
	EndGlobalSection
EndGlobal
